
Microsoft Visual Studio Solution File, Format Version 12.00
# Visual Studio Version 17
VisualStudioVersion = 17.9.34728.123
MinimumVisualStudioVersion = 10.0.40219.1
Project("{FAE04EC0-301F-11D3-BF4B-00C04F79EFBC}") = "BlazorAuto8CookieApp", "BlazorAuto8CookieApp\BlazorAuto8CookieApp\BlazorAuto8CookieApp.csproj", "{02C6E503-CAB8-42EC-94A8-CDD639C4D698}"
EndProject
Project("{FAE04EC0-301F-11D3-BF4B-00C04F79EFBC}") = "BlazorAuto8CookieApp.Client", "BlazorAuto8CookieApp\BlazorAuto8CookieApp.Client\BlazorAuto8CookieApp.Client.csproj", "{32D452C2-F1FE-42C3-81BC-7F36817C6987}"
EndProject
Global
	GlobalSection(SolutionConfigurationPlatforms) = preSolution
		Debug|Any CPU = Debug|Any CPU
		Release|Any CPU = Release|Any CPU
	EndGlobalSection
	GlobalSection(ProjectConfigurationPlatforms) = postSolution
		{02C6E503-CAB8-42EC-94A8-CDD639C4D698}.Debug|Any CPU.ActiveCfg = Debug|Any CPU
		{02C6E503-CAB8-42EC-94A8-CDD639C4D698}.Debug|Any CPU.Build.0 = Debug|Any CPU
		{02C6E503-CAB8-42EC-94A8-CDD639C4D698}.Release|Any CPU.ActiveCfg = Release|Any CPU
		{02C6E503-CAB8-42EC-94A8-CDD639C4D698}.Release|Any CPU.Build.0 = Release|Any CPU
		{32D452C2-F1FE-42C3-81BC-7F36817C6987}.Debug|Any CPU.ActiveCfg = Debug|Any CPU
		{32D452C2-F1FE-42C3-81BC-7F36817C6987}.Debug|Any CPU.Build.0 = Debug|Any CPU
		{32D452C2-F1FE-42C3-81BC-7F36817C6987}.Release|Any CPU.ActiveCfg = Release|Any CPU
		{32D452C2-F1FE-42C3-81BC-7F36817C6987}.Release|Any CPU.Build.0 = Release|Any CPU
	EndGlobalSection
	GlobalSection(SolutionProperties) = preSolution
		HideSolutionNode = FALSE
	EndGlobalSection
	GlobalSection(ExtensibilityGlobals) = postSolution
		SolutionGuid = {D38DFADE-0A9F-4978-8E50-9E314AD5364F}
	EndGlobalSection
EndGlobal
